<?xml version="1.0" encoding="utf-8"?>
<Project ToolsVersion="4.0" xmlns="http://schemas.microsoft.com/developer/msbuild/2003">
  <ItemGroup>
    <Filter Include="소스 파일">
      <UniqueIdentifier>{4FC737F1-C7A5-4376-A066-2A32D752A2FF}</UniqueIdentifier>
      <Extensions>cpp;c;cc;cxx;c++;def;odl;idl;hpj;bat;asm;asmx</Extensions>
    </Filter>
    <Filter Include="리소스 파일">
      <UniqueIdentifier>{67DA6AB6-F800-4c08-8B7A-83BB121AAD01}</UniqueIdentifier>
      <Extensions>rc;ico;cur;bmp;dlg;rc2;rct;bin;rgs;gif;jpg;jpeg;jpe;resx;tiff;tif;png;wav;mfcribbon-ms</Extensions>
    </Filter>
    <Filter Include="소스 파일\lib">
      <UniqueIdentifier>{9acb60cc-ae9d-4594-af9d-365b39ea5a44}</UniqueIdentifier>
    </Filter>
    <Filter Include="소스 파일\extlib">
      <UniqueIdentifier>{f14dbad3-4ad6-4126-bb40-cc1aa131a7f0}</UniqueIdentifier>
    </Filter>
    <Filter Include="소스 파일\extlib\rapidjson">
      <UniqueIdentifier>{8030517b-2334-450a-a044-d1dda475b7da}</UniqueIdentifier>
    </Filter>
    <Filter Include="소스 파일\lib\concurrency">
      <UniqueIdentifier>{e8b6593d-b163-486c-95ec-66340c9c52c9}</UniqueIdentifier>
    </Filter>
    <Filter Include="소스 파일\lib\net">
      <UniqueIdentifier>{07622314-d1ae-425c-9aff-60decf06e356}</UniqueIdentifier>
    </Filter>
    <Filter Include="소스 파일\lib\util">
      <UniqueIdentifier>{a8d3449b-239c-4d75-b770-b837b090f142}</UniqueIdentifier>
    </Filter>
    <Filter Include="main">
      <UniqueIdentifier>{93995380-89BD-4b04-88EB-625FBE52EBFB}</UniqueIdentifier>
      <Extensions>h;hh;hpp;hxx;h++;hm;inl;inc;ipp;xsd</Extensions>
    </Filter>
  </ItemGroup>
  <ItemGroup>
    <ClInclude Include="concurrency\MemoryPool_Stack.h">
      <Filter>소스 파일\lib\concurrency</Filter>
    </ClInclude>
    <ClInclude Include="concurrency\MemoryPoolTLS.h">
      <Filter>소스 파일\lib\concurrency</Filter>
    </ClInclude>
    <ClInclude Include="concurrency\tls.h">
      <Filter>소스 파일\lib\concurrency</Filter>
    </ClInclude>
    <ClInclude Include="concurrency\BackOff.h">
      <Filter>소스 파일\lib\concurrency</Filter>
    </ClInclude>
    <ClInclude Include="concurrency\concurrency.h">
      <Filter>소스 파일\lib\concurrency</Filter>
    </ClInclude>
    <ClInclude Include="concurrency\ConcurrentQueue.h">
      <Filter>소스 파일\lib\concurrency</Filter>
    </ClInclude>
    <ClInclude Include="concurrency\ConcurrentStack.h">
      <Filter>소스 파일\lib\concurrency</Filter>
    </ClInclude>
    <ClInclude Include="concurrency\MemoryPool_Queue.h">
      <Filter>소스 파일\lib\concurrency</Filter>
    </ClInclude>
    <ClInclude Include="util\JsonParser.h">
      <Filter>소스 파일\lib\util</Filter>
    </ClInclude>
    <ClInclude Include="util\exception.h">
      <Filter>소스 파일\lib\util</Filter>
    </ClInclude>
    <ClInclude Include="network\Packet.h">
      <Filter>소스 파일\lib\net</Filter>
    </ClInclude>
    <ClInclude Include="network\SocketAddress.h">
      <Filter>소스 파일\lib\net</Filter>
    </ClInclude>
    <ClInclude Include="main.h">
      <Filter>main</Filter>
    </ClInclude>
    <ClInclude Include="util\dump.h">
      <Filter>소스 파일\lib\util</Filter>
    </ClInclude>
    <ClInclude Include="IOContext.h">
      <Filter>소스 파일</Filter>
    </ClInclude>
    <ClInclude Include="macro.h">
      <Filter>소스 파일</Filter>
    </ClInclude>
    <ClInclude Include="network_struct.h">
      <Filter>소스 파일</Filter>
    </ClInclude>
    <ClInclude Include="OuterServer.h">
      <Filter>소스 파일</Filter>
    </ClInclude>
    <ClInclude Include="packet_handler.h">
      <Filter>소스 파일</Filter>
    </ClInclude>
    <ClInclude Include="pre_compile.h">
      <Filter>소스 파일</Filter>
    </ClInclude>
    <ClInclude Include="protocol.h">
      <Filter>소스 파일</Filter>
    </ClInclude>
    <ClInclude Include="Session.h">
      <Filter>소스 파일</Filter>
    </ClInclude>
    <ClInclude Include="CircularBuffer.h">
      <Filter>소스 파일</Filter>
    </ClInclude>
    <ClInclude Include="enviroment.h">
      <Filter>소스 파일</Filter>
    </ClInclude>
    <ClInclude Include="IO\KeyManager.h">
      <Filter>소스 파일\lib\util</Filter>
    </ClInclude>
  </ItemGroup>
  <ItemGroup>
    <ClCompile Include="concurrency\MemoryPoolTLS.cpp">
      <Filter>소스 파일\lib\concurrency</Filter>
    </ClCompile>
    <ClCompile Include="concurrency\tls.cpp">
      <Filter>소스 파일\lib\concurrency</Filter>
    </ClCompile>
    <ClCompile Include="concurrency\BackOff.cpp">
      <Filter>소스 파일\lib\concurrency</Filter>
    </ClCompile>
    <ClCompile Include="concurrency\ConcurrentStack.cpp">
      <Filter>소스 파일\lib\concurrency</Filter>
    </ClCompile>
    <ClCompile Include="util\JsonParser.cpp">
      <Filter>소스 파일\lib\util</Filter>
    </ClCompile>
    <ClCompile Include="network\Packet.cpp">
      <Filter>소스 파일\lib\net</Filter>
    </ClCompile>
    <ClCompile Include="network\SocketAddress.cpp">
      <Filter>소스 파일\lib\net</Filter>
    </ClCompile>
    <ClCompile Include="main.cpp">
      <Filter>main</Filter>
    </ClCompile>
    <ClCompile Include="util\dump.cpp">
      <Filter>소스 파일\lib\util</Filter>
    </ClCompile>
    <ClCompile Include="OuterServer.cpp">
      <Filter>소스 파일</Filter>
    </ClCompile>
    <ClCompile Include="packet_handler.cpp">
      <Filter>소스 파일</Filter>
    </ClCompile>
    <ClCompile Include="protocol.cpp">
      <Filter>소스 파일</Filter>
    </ClCompile>
    <ClCompile Include="Session.cpp">
      <Filter>소스 파일</Filter>
    </ClCompile>
    <ClCompile Include="IO\KeyManager.cpp">
      <Filter>소스 파일\lib\util</Filter>
    </ClCompile>
  </ItemGroup>
  <ItemGroup>
    <None Include="concurrency\spin_wait.asm">
      <Filter>소스 파일\lib\concurrency</Filter>
    </None>
    <None Include="config.json">
      <Filter>소스 파일</Filter>
    </None>
  </ItemGroup>
  <ItemGroup>
    <Object Include="concurrency\spin_wait.obj">
      <Filter>소스 파일\lib\concurrency</Filter>
    </Object>
  </ItemGroup>
</Project>