<?xml version="1.0" encoding="utf-8"?>
<Project ToolsVersion="4.0" xmlns="http://schemas.microsoft.com/developer/msbuild/2003">
  <ItemGroup>
    <Filter Include="소스 파일">
      <UniqueIdentifier>{4FC737F1-C7A5-4376-A066-2A32D752A2FF}</UniqueIdentifier>
      <Extensions>cpp;c;cc;cxx;c++;def;odl;idl;hpj;bat;asm;asmx</Extensions>
    </Filter>
    <Filter Include="헤더 파일">
      <UniqueIdentifier>{93995380-89BD-4b04-88EB-625FBE52EBFB}</UniqueIdentifier>
      <Extensions>h;hh;hpp;hxx;h++;hm;inl;inc;ipp;xsd</Extensions>
    </Filter>
    <Filter Include="리소스 파일">
      <UniqueIdentifier>{67DA6AB6-F800-4c08-8B7A-83BB121AAD01}</UniqueIdentifier>
      <Extensions>rc;ico;cur;bmp;dlg;rc2;rct;bin;rgs;gif;jpg;jpeg;jpe;resx;tiff;tif;png;wav;mfcribbon-ms</Extensions>
    </Filter>
    <Filter Include="소스 파일\lib">
      <UniqueIdentifier>{9acb60cc-ae9d-4594-af9d-365b39ea5a44}</UniqueIdentifier>
    </Filter>
    <Filter Include="소스 파일\extlib">
      <UniqueIdentifier>{f14dbad3-4ad6-4126-bb40-cc1aa131a7f0}</UniqueIdentifier>
    </Filter>
    <Filter Include="소스 파일\extlib\rapidjson">
      <UniqueIdentifier>{8030517b-2334-450a-a044-d1dda475b7da}</UniqueIdentifier>
    </Filter>
  </ItemGroup>
  <ItemGroup>
    <ClCompile Include="OuterServer.cpp">
      <Filter>소스 파일</Filter>
    </ClCompile>
    <ClCompile Include="main.cpp">
      <Filter>소스 파일</Filter>
    </ClCompile>
    <ClCompile Include="Session.cpp">
      <Filter>소스 파일</Filter>
    </ClCompile>
    <ClCompile Include="JsonParser.cpp">
      <Filter>소스 파일</Filter>
    </ClCompile>
    <ClCompile Include="..\..\Common\SocketAddress.cpp">
      <Filter>소스 파일\lib</Filter>
    </ClCompile>
    <ClCompile Include="Config.cpp">
      <Filter>소스 파일</Filter>
    </ClCompile>
    <ClCompile Include="..\..\Common\tls.cpp">
      <Filter>소스 파일\lib</Filter>
    </ClCompile>
    <ClCompile Include="..\..\Common\dump.cpp">
      <Filter>소스 파일\lib</Filter>
    </ClCompile>
    <ClCompile Include="..\..\Common\ConcurrentStack.cpp">
      <Filter>소스 파일\lib</Filter>
    </ClCompile>
    <ClCompile Include="..\..\Common\BackOff.cpp">
      <Filter>소스 파일\lib</Filter>
    </ClCompile>
    <ClCompile Include="..\..\Common\MemoryPoolTLS.cpp">
      <Filter>소스 파일\lib</Filter>
    </ClCompile>
    <ClCompile Include="packet_handler.cpp">
      <Filter>소스 파일</Filter>
    </ClCompile>
    <ClCompile Include="protocol.cpp">
      <Filter>소스 파일</Filter>
    </ClCompile>
  </ItemGroup>
  <ItemGroup>
    <ClInclude Include="OuterServer.h">
      <Filter>헤더 파일</Filter>
    </ClInclude>
    <ClInclude Include="enviroment.h">
      <Filter>헤더 파일</Filter>
    </ClInclude>
    <ClInclude Include="IOContext.h">
      <Filter>헤더 파일</Filter>
    </ClInclude>
    <ClInclude Include="Session.h">
      <Filter>헤더 파일</Filter>
    </ClInclude>
    <ClInclude Include="pre_compile.h">
      <Filter>헤더 파일</Filter>
    </ClInclude>
    <ClInclude Include="JsonParser.h">
      <Filter>헤더 파일</Filter>
    </ClInclude>
    <ClInclude Include="..\..\Common\SocketAddress.h">
      <Filter>소스 파일\lib</Filter>
    </ClInclude>
    <ClInclude Include="Config.h">
      <Filter>헤더 파일</Filter>
    </ClInclude>
    <ClInclude Include="..\..\Common\tls.h">
      <Filter>소스 파일\lib</Filter>
    </ClInclude>
    <ClInclude Include="..\..\Common\concurrency.h">
      <Filter>소스 파일\lib</Filter>
    </ClInclude>
    <ClInclude Include="..\..\Common\exception.h">
      <Filter>소스 파일\lib</Filter>
    </ClInclude>
    <ClInclude Include="..\..\Common\Packet.h">
      <Filter>소스 파일\lib</Filter>
    </ClInclude>
    <ClInclude Include="macro.h">
      <Filter>헤더 파일</Filter>
    </ClInclude>
    <ClInclude Include="..\..\Common\dump.h">
      <Filter>소스 파일\lib</Filter>
    </ClInclude>
    <ClInclude Include="..\..\Common\protocol.h">
      <Filter>소스 파일\lib</Filter>
    </ClInclude>
    <ClInclude Include="..\..\Common\ConcurrentQueue.h">
      <Filter>소스 파일\lib</Filter>
    </ClInclude>
    <ClInclude Include="..\..\Common\MemoryPool_Queue.h">
      <Filter>소스 파일\lib</Filter>
    </ClInclude>
    <ClInclude Include="..\..\Common\ConcurrentStack.h">
      <Filter>소스 파일\lib</Filter>
    </ClInclude>
    <ClInclude Include="..\..\Common\MemoryPool_Stack.h">
      <Filter>소스 파일\lib</Filter>
    </ClInclude>
    <ClInclude Include="..\..\Common\BackOff.h">
      <Filter>소스 파일\lib</Filter>
    </ClInclude>
    <ClInclude Include="..\..\Common\MemoryPoolTLS.h">
      <Filter>소스 파일\lib</Filter>
    </ClInclude>
    <ClInclude Include="packet_handler.h">
      <Filter>소스 파일</Filter>
    </ClInclude>
    <ClInclude Include="..\..\Common\CircularBuffer.h">
      <Filter>소스 파일\lib</Filter>
    </ClInclude>
    <ClInclude Include="..\..\Common\Packet.cpp">
      <Filter>소스 파일\lib</Filter>
    </ClInclude>
    <ClInclude Include="main.h">
      <Filter>헤더 파일</Filter>
    </ClInclude>
  </ItemGroup>
  <ItemGroup>
    <None Include="config.json" />
    <None Include="..\..\Common\spin_wait.asm">
      <Filter>소스 파일\lib</Filter>
    </None>
  </ItemGroup>
  <ItemGroup>
    <Object Include="..\..\Common\spin_wait.obj">
      <Filter>소스 파일\lib</Filter>
    </Object>
  </ItemGroup>
</Project>