<?xml version="1.0" encoding="utf-8"?>
<Project ToolsVersion="4.0" xmlns="http://schemas.microsoft.com/developer/msbuild/2003">
  <ItemGroup>
    <Filter Include="소스 파일">
      <UniqueIdentifier>{4FC737F1-C7A5-4376-A066-2A32D752A2FF}</UniqueIdentifier>
      <Extensions>cpp;c;cc;cxx;c++;def;odl;idl;hpj;bat;asm;asmx</Extensions>
    </Filter>
    <Filter Include="헤더 파일">
      <UniqueIdentifier>{93995380-89BD-4b04-88EB-625FBE52EBFB}</UniqueIdentifier>
      <Extensions>h;hh;hpp;hxx;h++;hm;inl;inc;ipp;xsd</Extensions>
    </Filter>
    <Filter Include="리소스 파일">
      <UniqueIdentifier>{67DA6AB6-F800-4c08-8B7A-83BB121AAD01}</UniqueIdentifier>
      <Extensions>rc;ico;cur;bmp;dlg;rc2;rct;bin;rgs;gif;jpg;jpeg;jpe;resx;tiff;tif;png;wav;mfcribbon-ms</Extensions>
    </Filter>
    <Filter Include="lib">
      <UniqueIdentifier>{71d8ec0c-9ea5-4b98-ae7e-e405939c8b36}</UniqueIdentifier>
    </Filter>
    <Filter Include="lib\common">
      <UniqueIdentifier>{c9048252-fc94-42de-b87a-a14f8ace8030}</UniqueIdentifier>
    </Filter>
  </ItemGroup>
  <ItemGroup>
    <ClCompile Include="..\C2Server\C2Server\OuterServer.cpp">
      <Filter>lib</Filter>
    </ClCompile>
    <ClCompile Include="..\C2Server\C2Server\protocol.cpp">
      <Filter>lib</Filter>
    </ClCompile>
    <ClCompile Include="..\C2Server\C2Server\Session.cpp">
      <Filter>lib</Filter>
    </ClCompile>
    <ClCompile Include="..\C2Server\C2Server\packet_handler_base.cpp">
      <Filter>lib</Filter>
    </ClCompile>
    <ClCompile Include="..\C2Server\C2Server\concurrency\BackOff.cpp">
      <Filter>lib\common</Filter>
    </ClCompile>
    <ClCompile Include="..\C2Server\C2Server\concurrency\ConcurrentStack.cpp">
      <Filter>lib\common</Filter>
    </ClCompile>
    <ClCompile Include="..\C2Server\C2Server\concurrency\MemoryPoolTLS.cpp">
      <Filter>lib\common</Filter>
    </ClCompile>
    <ClCompile Include="..\C2Server\C2Server\concurrency\tls.cpp">
      <Filter>lib\common</Filter>
    </ClCompile>
    <ClCompile Include="..\C2Server\C2Server\IO\KeyManager.cpp">
      <Filter>lib\common</Filter>
    </ClCompile>
    <ClCompile Include="..\C2Server\C2Server\network\SocketAddress.cpp">
      <Filter>lib\common</Filter>
    </ClCompile>
    <ClCompile Include="..\C2Server\C2Server\util\JsonParser.cpp">
      <Filter>lib\common</Filter>
    </ClCompile>
    <ClCompile Include="..\C2Server\C2Server\util\dump.cpp">
      <Filter>lib\common</Filter>
    </ClCompile>
    <ClCompile Include="packet_handler_mmo.cpp">
      <Filter>소스 파일</Filter>
    </ClCompile>
    <ClCompile Include="MMOSession.cpp">
      <Filter>소스 파일</Filter>
    </ClCompile>
    <ClCompile Include="MMOServer.cpp">
      <Filter>소스 파일</Filter>
    </ClCompile>
    <ClCompile Include="main.cpp">
      <Filter>헤더 파일</Filter>
    </ClCompile>
    <ClCompile Include="MMOActor.cpp">
      <Filter>소스 파일</Filter>
    </ClCompile>
    <ClCompile Include="MMOSimulator.cpp">
      <Filter>소스 파일</Filter>
    </ClCompile>
    <ClCompile Include="MMOZone.cpp">
      <Filter>소스 파일</Filter>
    </ClCompile>
    <ClCompile Include="MMOSector.cpp">
      <Filter>소스 파일</Filter>
    </ClCompile>
  </ItemGroup>
  <ItemGroup>
    <ClInclude Include="main.h">
      <Filter>헤더 파일</Filter>
    </ClInclude>
    <ClInclude Include="..\C2Server\C2Server\enviroment.h">
      <Filter>lib</Filter>
    </ClInclude>
    <ClInclude Include="..\C2Server\C2Server\IOContext.h">
      <Filter>lib</Filter>
    </ClInclude>
    <ClInclude Include="..\C2Server\C2Server\macro.h">
      <Filter>lib</Filter>
    </ClInclude>
    <ClInclude Include="..\C2Server\C2Server\OuterServer.h">
      <Filter>lib</Filter>
    </ClInclude>
    <ClInclude Include="..\C2Server\C2Server\packet_handler.h">
      <Filter>lib</Filter>
    </ClInclude>
    <ClInclude Include="..\C2Server\C2Server\pre_compile.h">
      <Filter>lib</Filter>
    </ClInclude>
    <ClInclude Include="..\C2Server\C2Server\Session.h">
      <Filter>lib</Filter>
    </ClInclude>
    <ClInclude Include="..\C2Server\C2Server\concurrency\BackOff.h">
      <Filter>lib\common</Filter>
    </ClInclude>
    <ClInclude Include="..\C2Server\C2Server\concurrency\concurrency.h">
      <Filter>lib\common</Filter>
    </ClInclude>
    <ClInclude Include="..\C2Server\C2Server\concurrency\ConcurrentQueue.h">
      <Filter>lib\common</Filter>
    </ClInclude>
    <ClInclude Include="..\C2Server\C2Server\concurrency\ConcurrentStack.h">
      <Filter>lib\common</Filter>
    </ClInclude>
    <ClInclude Include="..\C2Server\C2Server\concurrency\MemoryPool_Queue.h">
      <Filter>lib\common</Filter>
    </ClInclude>
    <ClInclude Include="..\C2Server\C2Server\concurrency\MemoryPool_Stack.h">
      <Filter>lib\common</Filter>
    </ClInclude>
    <ClInclude Include="..\C2Server\C2Server\concurrency\MemoryPoolTLS.h">
      <Filter>lib\common</Filter>
    </ClInclude>
    <ClInclude Include="..\C2Server\C2Server\concurrency\tls.h">
      <Filter>lib\common</Filter>
    </ClInclude>
    <ClInclude Include="..\C2Server\C2Server\IO\KeyManager.h">
      <Filter>lib\common</Filter>
    </ClInclude>
    <ClInclude Include="..\C2Server\C2Server\network\Packet.h">
      <Filter>lib\common</Filter>
    </ClInclude>
    <ClInclude Include="..\C2Server\C2Server\network\SocketAddress.h">
      <Filter>lib\common</Filter>
    </ClInclude>
    <ClInclude Include="..\C2Server\C2Server\util\JsonParser.h">
      <Filter>lib\common</Filter>
    </ClInclude>
    <ClInclude Include="..\C2Server\C2Server\util\dump.h">
      <Filter>lib\common</Filter>
    </ClInclude>
    <ClInclude Include="..\C2Server\C2Server\util\exception.h">
      <Filter>lib\common</Filter>
    </ClInclude>
    <ClInclude Include="..\C2Server\C2Server\protocol.h">
      <Filter>lib</Filter>
    </ClInclude>
    <ClInclude Include="MMOSession.h">
      <Filter>소스 파일</Filter>
    </ClInclude>
    <ClInclude Include="MMOActor.h">
      <Filter>소스 파일</Filter>
    </ClInclude>
    <ClInclude Include="MMOServer.h">
      <Filter>소스 파일</Filter>
    </ClInclude>
    <ClInclude Include="MMOSimulator.h">
      <Filter>소스 파일</Filter>
    </ClInclude>
    <ClInclude Include="MMOSector.h">
      <Filter>소스 파일</Filter>
    </ClInclude>
    <ClInclude Include="MMOZone.h">
      <Filter>소스 파일</Filter>
    </ClInclude>
    <ClInclude Include="..\C2Server\C2Server\concurrency\MPSCQueue.h">
      <Filter>lib\common</Filter>
    </ClInclude>
    <ClInclude Include="Timer.h">
      <Filter>lib\common</Filter>
    </ClInclude>
    <ClInclude Include="function.h">
      <Filter>헤더 파일</Filter>
    </ClInclude>
    <ClInclude Include="mmo_function.hpp">
      <Filter>헤더 파일</Filter>
    </ClInclude>
    <ClInclude Include="MMONear.h">
      <Filter>소스 파일</Filter>
    </ClInclude>
  </ItemGroup>
  <ItemGroup>
    <None Include="..\C2Server\C2Server\config.json">
      <Filter>lib</Filter>
    </None>
    <None Include="config.json">
      <Filter>헤더 파일</Filter>
    </None>
    <None Include="..\C2Server\C2Server\concurrency\spin_wait.asm">
      <Filter>lib\common</Filter>
    </None>
  </ItemGroup>
  <ItemGroup>
    <Object Include="..\C2Server\C2Server\concurrency\spin_wait.obj">
      <Filter>lib\common</Filter>
    </Object>
  </ItemGroup>
</Project>