<?xml version="1.0" encoding="utf-8"?>
<Project ToolsVersion="4.0" xmlns="http://schemas.microsoft.com/developer/msbuild/2003">
  <ItemGroup>
    <Filter Include="소스 파일">
      <UniqueIdentifier>{4FC737F1-C7A5-4376-A066-2A32D752A2FF}</UniqueIdentifier>
      <Extensions>cpp;c;cc;cxx;c++;def;odl;idl;hpj;bat;asm;asmx</Extensions>
    </Filter>
    <Filter Include="헤더 파일">
      <UniqueIdentifier>{93995380-89BD-4b04-88EB-625FBE52EBFB}</UniqueIdentifier>
      <Extensions>h;hh;hpp;hxx;h++;hm;inl;inc;ipp;xsd</Extensions>
    </Filter>
    <Filter Include="리소스 파일">
      <UniqueIdentifier>{67DA6AB6-F800-4c08-8B7A-83BB121AAD01}</UniqueIdentifier>
      <Extensions>rc;ico;cur;bmp;dlg;rc2;rct;bin;rgs;gif;jpg;jpeg;jpe;resx;tiff;tif;png;wav;mfcribbon-ms</Extensions>
    </Filter>
    <Filter Include="소스 파일\script">
      <UniqueIdentifier>{f4e8935c-2a1f-483b-a0e7-2629f9403133}</UniqueIdentifier>
    </Filter>
    <Filter Include="소스 파일\extlib">
      <UniqueIdentifier>{cf5a160b-8939-46d1-86d3-fc68066cb618}</UniqueIdentifier>
    </Filter>
    <Filter Include="소스 파일\extlib\lua">
      <UniqueIdentifier>{b0910740-7dfa-4c02-8dce-ffb91a9d64d3}</UniqueIdentifier>
    </Filter>
    <Filter Include="소스 파일\extlib\rapidjson">
      <UniqueIdentifier>{f249b233-4308-4c0c-b4e7-5c9160de71e4}</UniqueIdentifier>
    </Filter>
    <Filter Include="소스 파일\util">
      <UniqueIdentifier>{89336c90-80c9-4690-8a5c-5f44407c1087}</UniqueIdentifier>
    </Filter>
    <Filter Include="소스 파일\core">
      <UniqueIdentifier>{6456b56a-de67-4dd4-afe7-3065315831a6}</UniqueIdentifier>
    </Filter>
    <Filter Include="소스 파일\db">
      <UniqueIdentifier>{02eddd7b-5380-4911-91e6-0f2f8e34a55a}</UniqueIdentifier>
    </Filter>
    <Filter Include="소스 파일\contents">
      <UniqueIdentifier>{60baef62-9cfd-4a73-b0b0-3ff3ff9bb03c}</UniqueIdentifier>
    </Filter>
  </ItemGroup>
  <ItemGroup>
    <ClInclude Include="rapidjson\allocators.h">
      <Filter>소스 파일\extlib\rapidjson</Filter>
    </ClInclude>
    <ClInclude Include="rapidjson\cursorstreamwrapper.h">
      <Filter>소스 파일\extlib\rapidjson</Filter>
    </ClInclude>
    <ClInclude Include="rapidjson\document.h">
      <Filter>소스 파일\extlib\rapidjson</Filter>
    </ClInclude>
    <ClInclude Include="rapidjson\encodedstream.h">
      <Filter>소스 파일\extlib\rapidjson</Filter>
    </ClInclude>
    <ClInclude Include="rapidjson\encodings.h">
      <Filter>소스 파일\extlib\rapidjson</Filter>
    </ClInclude>
    <ClInclude Include="rapidjson\error\en.h">
      <Filter>소스 파일\extlib\rapidjson</Filter>
    </ClInclude>
    <ClInclude Include="rapidjson\error\error.h">
      <Filter>소스 파일\extlib\rapidjson</Filter>
    </ClInclude>
    <ClInclude Include="rapidjson\filereadstream.h">
      <Filter>소스 파일\extlib\rapidjson</Filter>
    </ClInclude>
    <ClInclude Include="rapidjson\filewritestream.h">
      <Filter>소스 파일\extlib\rapidjson</Filter>
    </ClInclude>
    <ClInclude Include="rapidjson\fwd.h">
      <Filter>소스 파일\extlib\rapidjson</Filter>
    </ClInclude>
    <ClInclude Include="rapidjson\internal\biginteger.h">
      <Filter>소스 파일\extlib\rapidjson</Filter>
    </ClInclude>
    <ClInclude Include="rapidjson\internal\diyfp.h">
      <Filter>소스 파일\extlib\rapidjson</Filter>
    </ClInclude>
    <ClInclude Include="rapidjson\internal\dtoa.h">
      <Filter>소스 파일\extlib\rapidjson</Filter>
    </ClInclude>
    <ClInclude Include="rapidjson\internal\ieee754.h">
      <Filter>소스 파일\extlib\rapidjson</Filter>
    </ClInclude>
    <ClInclude Include="rapidjson\internal\itoa.h">
      <Filter>소스 파일\extlib\rapidjson</Filter>
    </ClInclude>
    <ClInclude Include="rapidjson\internal\meta.h">
      <Filter>소스 파일\extlib\rapidjson</Filter>
    </ClInclude>
    <ClInclude Include="rapidjson\internal\pow10.h">
      <Filter>소스 파일\extlib\rapidjson</Filter>
    </ClInclude>
    <ClInclude Include="rapidjson\internal\regex.h">
      <Filter>소스 파일\extlib\rapidjson</Filter>
    </ClInclude>
    <ClInclude Include="rapidjson\internal\stack.h">
      <Filter>소스 파일\extlib\rapidjson</Filter>
    </ClInclude>
    <ClInclude Include="rapidjson\internal\strfunc.h">
      <Filter>소스 파일\extlib\rapidjson</Filter>
    </ClInclude>
    <ClInclude Include="rapidjson\internal\strtod.h">
      <Filter>소스 파일\extlib\rapidjson</Filter>
    </ClInclude>
    <ClInclude Include="rapidjson\internal\swap.h">
      <Filter>소스 파일\extlib\rapidjson</Filter>
    </ClInclude>
    <ClInclude Include="rapidjson\istreamwrapper.h">
      <Filter>소스 파일\extlib\rapidjson</Filter>
    </ClInclude>
    <ClInclude Include="rapidjson\memorybuffer.h">
      <Filter>소스 파일\extlib\rapidjson</Filter>
    </ClInclude>
    <ClInclude Include="rapidjson\memorystream.h">
      <Filter>소스 파일\extlib\rapidjson</Filter>
    </ClInclude>
    <ClInclude Include="rapidjson\msinttypes\inttypes.h">
      <Filter>소스 파일\extlib\rapidjson</Filter>
    </ClInclude>
    <ClInclude Include="rapidjson\msinttypes\stdint.h">
      <Filter>소스 파일\extlib\rapidjson</Filter>
    </ClInclude>
    <ClInclude Include="rapidjson\ostreamwrapper.h">
      <Filter>소스 파일\extlib\rapidjson</Filter>
    </ClInclude>
    <ClInclude Include="rapidjson\pointer.h">
      <Filter>소스 파일\extlib\rapidjson</Filter>
    </ClInclude>
    <ClInclude Include="rapidjson\prettywriter.h">
      <Filter>소스 파일\extlib\rapidjson</Filter>
    </ClInclude>
    <ClInclude Include="rapidjson\rapidjson.h">
      <Filter>소스 파일\extlib\rapidjson</Filter>
    </ClInclude>
    <ClInclude Include="rapidjson\reader.h">
      <Filter>소스 파일\extlib\rapidjson</Filter>
    </ClInclude>
    <ClInclude Include="rapidjson\schema.h">
      <Filter>소스 파일\extlib\rapidjson</Filter>
    </ClInclude>
    <ClInclude Include="rapidjson\stream.h">
      <Filter>소스 파일\extlib\rapidjson</Filter>
    </ClInclude>
    <ClInclude Include="rapidjson\stringbuffer.h">
      <Filter>소스 파일\extlib\rapidjson</Filter>
    </ClInclude>
    <ClInclude Include="rapidjson\writer.h">
      <Filter>소스 파일\extlib\rapidjson</Filter>
    </ClInclude>
    <ClInclude Include="lua\lauxlib.h">
      <Filter>소스 파일\extlib\lua</Filter>
    </ClInclude>
    <ClInclude Include="lua\lua.h">
      <Filter>소스 파일\extlib\lua</Filter>
    </ClInclude>
    <ClInclude Include="lua\lua.hpp">
      <Filter>소스 파일\extlib\lua</Filter>
    </ClInclude>
    <ClInclude Include="lua\luaconf.h">
      <Filter>소스 파일\extlib\lua</Filter>
    </ClInclude>
    <ClInclude Include="lua\lualib.h">
      <Filter>소스 파일\extlib\lua</Filter>
    </ClInclude>
    <ClInclude Include="main.h">
      <Filter>소스 파일</Filter>
    </ClInclude>
    <ClInclude Include="protocol.h">
      <Filter>소스 파일</Filter>
    </ClInclude>
    <ClInclude Include="util\JsonParser.h">
      <Filter>소스 파일\util</Filter>
    </ClInclude>
    <ClInclude Include="IO\KeyManager.h">
      <Filter>소스 파일\util</Filter>
    </ClInclude>
    <ClInclude Include="util\TimeScheduler.h">
      <Filter>소스 파일\core</Filter>
    </ClInclude>
    <ClInclude Include="util\dump.h">
      <Filter>소스 파일\util</Filter>
    </ClInclude>
    <ClInclude Include="concurrency\ConcurrentStack.h">
      <Filter>소스 파일\core</Filter>
    </ClInclude>
    <ClInclude Include="concurrency\concurrency.h">
      <Filter>소스 파일\core</Filter>
    </ClInclude>
    <ClInclude Include="concurrency\ConcurrentQueue.h">
      <Filter>소스 파일\core</Filter>
    </ClInclude>
    <ClInclude Include="concurrency\ConcurrentQueueMemPool.hpp">
      <Filter>소스 파일\core</Filter>
    </ClInclude>
    <ClInclude Include="concurrency\BackOff.h">
      <Filter>소스 파일\core</Filter>
    </ClInclude>
    <ClInclude Include="util\exception.h">
      <Filter>소스 파일\util</Filter>
    </ClInclude>
    <ClInclude Include="concurrency\MemoryPoolTLS.h">
      <Filter>소스 파일\core</Filter>
    </ClInclude>
    <ClInclude Include="concurrency\MemoryPool_Stack.h">
      <Filter>소스 파일\core</Filter>
    </ClInclude>
    <ClInclude Include="network\SocketAddress.h">
      <Filter>소스 파일\util</Filter>
    </ClInclude>
    <ClInclude Include="concurrency\MPSCQueue.h">
      <Filter>소스 파일\core</Filter>
    </ClInclude>
    <ClInclude Include="db_statement.h">
      <Filter>소스 파일\db</Filter>
    </ClInclude>
    <ClInclude Include="DBHelper.h">
      <Filter>소스 파일\db</Filter>
    </ClInclude>
    <ClInclude Include="concurrency\tls.h">
      <Filter>소스 파일\core</Filter>
    </ClInclude>
    <ClInclude Include="util\Timer.h">
      <Filter>소스 파일\core</Filter>
    </ClInclude>
    <ClInclude Include="core\OuterServer.h">
      <Filter>소스 파일\core</Filter>
    </ClInclude>
    <ClInclude Include="core\Packet.h">
      <Filter>소스 파일\core</Filter>
    </ClInclude>
    <ClInclude Include="core\packet_handler.h">
      <Filter>소스 파일\core</Filter>
    </ClInclude>
    <ClInclude Include="core\Session.h">
      <Filter>소스 파일\core</Filter>
    </ClInclude>
    <ClInclude Include="core\CircularBuffer.h">
      <Filter>소스 파일\core</Filter>
    </ClInclude>
    <ClInclude Include="core\IOContext.h">
      <Filter>소스 파일\core</Filter>
    </ClInclude>
    <ClInclude Include="core\macro.h">
      <Filter>소스 파일\core</Filter>
    </ClInclude>
    <ClInclude Include="core\enviroment.h">
      <Filter>소스 파일\core</Filter>
    </ClInclude>
    <ClInclude Include="mmo_function.hpp">
      <Filter>소스 파일\contents</Filter>
    </ClInclude>
    <ClInclude Include="MMOActor.h">
      <Filter>소스 파일\contents</Filter>
    </ClInclude>
    <ClInclude Include="MMONear.h">
      <Filter>소스 파일\contents</Filter>
    </ClInclude>
    <ClInclude Include="MMONpc.h">
      <Filter>소스 파일\contents</Filter>
    </ClInclude>
    <ClInclude Include="MMONpcManager.h">
      <Filter>소스 파일\contents</Filter>
    </ClInclude>
    <ClInclude Include="MMOSector.h">
      <Filter>소스 파일\contents</Filter>
    </ClInclude>
    <ClInclude Include="MMOServer.h">
      <Filter>소스 파일\contents</Filter>
    </ClInclude>
    <ClInclude Include="MMOSession.h">
      <Filter>소스 파일\contents</Filter>
    </ClInclude>
    <ClInclude Include="MMOZone.h">
      <Filter>소스 파일\contents</Filter>
    </ClInclude>
    <ClInclude Include="script_api.h">
      <Filter>소스 파일\contents</Filter>
    </ClInclude>
    <ClInclude Include="contents_enviroment.h">
      <Filter>소스 파일\contents</Filter>
    </ClInclude>
    <ClInclude Include="pre_compile.h">
      <Filter>소스 파일\core</Filter>
    </ClInclude>
    <ClInclude Include="DBManager.h">
      <Filter>소스 파일\db</Filter>
    </ClInclude>
    <ClInclude Include="MMOSystmeMessage.h">
      <Filter>소스 파일\contents</Filter>
    </ClInclude>
    <ClInclude Include="DBTask.h">
      <Filter>소스 파일\db</Filter>
    </ClInclude>
    <ClInclude Include="MMODBTask.h">
      <Filter>소스 파일\db</Filter>
    </ClInclude>
  </ItemGroup>
  <ItemGroup>
    <ClCompile Include="main.cpp">
      <Filter>소스 파일</Filter>
    </ClCompile>
    <ClCompile Include="packet_handler_base.cpp">
      <Filter>소스 파일</Filter>
    </ClCompile>
    <ClCompile Include="packet_handler_mmo.cpp">
      <Filter>소스 파일</Filter>
    </ClCompile>
    <ClCompile Include="protocol.cpp">
      <Filter>소스 파일</Filter>
    </ClCompile>
    <ClCompile Include="IO\KeyManager.cpp">
      <Filter>소스 파일\util</Filter>
    </ClCompile>
    <ClCompile Include="util\JsonParser.cpp">
      <Filter>소스 파일\util</Filter>
    </ClCompile>
    <ClCompile Include="util\TimeScheduler.cpp">
      <Filter>소스 파일\core</Filter>
    </ClCompile>
    <ClCompile Include="util\dump.cpp">
      <Filter>소스 파일\util</Filter>
    </ClCompile>
    <ClCompile Include="concurrency\BackOff.cpp">
      <Filter>소스 파일\core</Filter>
    </ClCompile>
    <ClCompile Include="concurrency\MemoryPoolTLS.cpp">
      <Filter>소스 파일\core</Filter>
    </ClCompile>
    <ClCompile Include="network\SocketAddress.cpp">
      <Filter>소스 파일\util</Filter>
    </ClCompile>
    <ClCompile Include="DBHelper.cpp">
      <Filter>소스 파일\db</Filter>
    </ClCompile>
    <ClCompile Include="core\Session.cpp">
      <Filter>소스 파일\core</Filter>
    </ClCompile>
    <ClCompile Include="core\OuterServer.cpp">
      <Filter>소스 파일\core</Filter>
    </ClCompile>
    <ClCompile Include="MMOActor.cpp">
      <Filter>소스 파일\contents</Filter>
    </ClCompile>
    <ClCompile Include="MMONpc.cpp">
      <Filter>소스 파일\contents</Filter>
    </ClCompile>
    <ClCompile Include="MMONpcManager.cpp">
      <Filter>소스 파일\contents</Filter>
    </ClCompile>
    <ClCompile Include="MMOSector.cpp">
      <Filter>소스 파일\contents</Filter>
    </ClCompile>
    <ClCompile Include="MMOServer.cpp">
      <Filter>소스 파일\contents</Filter>
    </ClCompile>
    <ClCompile Include="MMOSession.cpp">
      <Filter>소스 파일\contents</Filter>
    </ClCompile>
    <ClCompile Include="MMOZone.cpp">
      <Filter>소스 파일\contents</Filter>
    </ClCompile>
    <ClCompile Include="script_api.cpp">
      <Filter>소스 파일\contents</Filter>
    </ClCompile>
    <ClCompile Include="DBManager.cpp">
      <Filter>소스 파일\db</Filter>
    </ClCompile>
    <ClCompile Include="MMODBTask.cpp">
      <Filter>소스 파일</Filter>
    </ClCompile>
    <ClCompile Include="DBTask.cpp">
      <Filter>소스 파일</Filter>
    </ClCompile>
    <ClCompile Include="monster.lua">
      <Filter>소스 파일\script</Filter>
    </ClCompile>
  </ItemGroup>
  <ItemGroup>
    <None Include="config.json">
      <Filter>소스 파일</Filter>
    </None>
    <None Include="scripts\npc.lua">
      <Filter>소스 파일\script</Filter>
    </None>
  </ItemGroup>
  <ItemGroup>
    <Library Include="lua53.lib">
      <Filter>리소스 파일</Filter>
    </Library>
  </ItemGroup>
  <ItemGroup>
    <Object Include="concurrency\spin_wait.obj">
      <Filter>소스 파일\core</Filter>
    </Object>
  </ItemGroup>
</Project>