<?xml version="1.0" encoding="utf-8"?>
<Project ToolsVersion="4.0" xmlns="http://schemas.microsoft.com/developer/msbuild/2003">
  <ItemGroup>
    <Filter Include="소스 파일">
      <UniqueIdentifier>{4FC737F1-C7A5-4376-A066-2A32D752A2FF}</UniqueIdentifier>
      <Extensions>cpp;c;cc;cxx;c++;def;odl;idl;hpj;bat;asm;asmx</Extensions>
    </Filter>
    <Filter Include="헤더 파일">
      <UniqueIdentifier>{93995380-89BD-4b04-88EB-625FBE52EBFB}</UniqueIdentifier>
      <Extensions>h;hh;hpp;hxx;h++;hm;inl;inc;ipp;xsd</Extensions>
    </Filter>
    <Filter Include="리소스 파일">
      <UniqueIdentifier>{67DA6AB6-F800-4c08-8B7A-83BB121AAD01}</UniqueIdentifier>
      <Extensions>rc;ico;cur;bmp;dlg;rc2;rct;bin;rgs;gif;jpg;jpeg;jpe;resx;tiff;tif;png;wav;mfcribbon-ms</Extensions>
    </Filter>
    <Filter Include="extlib">
      <UniqueIdentifier>{24c4a65d-36bf-47e9-b9ae-2a6e968a2d69}</UniqueIdentifier>
    </Filter>
  </ItemGroup>
  <ItemGroup>
    <ClCompile Include="main.cpp">
      <Filter>소스 파일</Filter>
    </ClCompile>
    <ClCompile Include="function.cpp">
      <Filter>헤더 파일</Filter>
    </ClCompile>
    <ClCompile Include="MMOActor.cpp">
      <Filter>헤더 파일</Filter>
    </ClCompile>
    <ClCompile Include="MMONpc.cpp">
      <Filter>헤더 파일</Filter>
    </ClCompile>
    <ClCompile Include="MMONpcManager.cpp">
      <Filter>헤더 파일</Filter>
    </ClCompile>
    <ClCompile Include="MMOSector.cpp">
      <Filter>헤더 파일</Filter>
    </ClCompile>
    <ClCompile Include="MMOServer.cpp">
      <Filter>헤더 파일</Filter>
    </ClCompile>
    <ClCompile Include="MMOSession.cpp">
      <Filter>헤더 파일</Filter>
    </ClCompile>
    <ClCompile Include="MMOZone.cpp">
      <Filter>헤더 파일</Filter>
    </ClCompile>
    <ClCompile Include="packet_handler_mmo.cpp">
      <Filter>헤더 파일</Filter>
    </ClCompile>
    <ClCompile Include="core\OuterServer.cpp">
      <Filter>헤더 파일</Filter>
    </ClCompile>
    <ClCompile Include="core\packet_handler_base.cpp">
      <Filter>헤더 파일</Filter>
    </ClCompile>
    <ClCompile Include="core\protocol.cpp">
      <Filter>헤더 파일</Filter>
    </ClCompile>
    <ClCompile Include="core\Session.cpp">
      <Filter>헤더 파일</Filter>
    </ClCompile>
    <ClCompile Include="core\concurrency\BackOff.cpp">
      <Filter>헤더 파일</Filter>
    </ClCompile>
    <ClCompile Include="core\concurrency\ConcurrentStack.cpp">
      <Filter>헤더 파일</Filter>
    </ClCompile>
    <ClCompile Include="core\concurrency\MemoryPoolTLS.cpp">
      <Filter>헤더 파일</Filter>
    </ClCompile>
    <ClCompile Include="core\concurrency\tls.cpp">
      <Filter>헤더 파일</Filter>
    </ClCompile>
    <ClCompile Include="core\IO\KeyManager.cpp">
      <Filter>헤더 파일</Filter>
    </ClCompile>
    <ClCompile Include="core\network\Packet.cpp">
      <Filter>헤더 파일</Filter>
    </ClCompile>
    <ClCompile Include="core\network\SocketAddress.cpp">
      <Filter>헤더 파일</Filter>
    </ClCompile>
    <ClCompile Include="core\util\dump.cpp">
      <Filter>헤더 파일</Filter>
    </ClCompile>
    <ClCompile Include="core\util\JsonParser.cpp">
      <Filter>헤더 파일</Filter>
    </ClCompile>
    <ClCompile Include="core\util\TimeScheduler.cpp">
      <Filter>헤더 파일</Filter>
    </ClCompile>
  </ItemGroup>
  <ItemGroup>
    <ClInclude Include="function.h">
      <Filter>헤더 파일</Filter>
    </ClInclude>
    <ClInclude Include="main.h">
      <Filter>헤더 파일</Filter>
    </ClInclude>
    <ClInclude Include="mmo_function.hpp">
      <Filter>헤더 파일</Filter>
    </ClInclude>
    <ClInclude Include="MMOActor.h">
      <Filter>헤더 파일</Filter>
    </ClInclude>
    <ClInclude Include="MMONear.h">
      <Filter>헤더 파일</Filter>
    </ClInclude>
    <ClInclude Include="MMONpc.h">
      <Filter>헤더 파일</Filter>
    </ClInclude>
    <ClInclude Include="MMONpcManager.h">
      <Filter>헤더 파일</Filter>
    </ClInclude>
    <ClInclude Include="MMOSector.h">
      <Filter>헤더 파일</Filter>
    </ClInclude>
    <ClInclude Include="MMOServer.h">
      <Filter>헤더 파일</Filter>
    </ClInclude>
    <ClInclude Include="MMOSession.h">
      <Filter>헤더 파일</Filter>
    </ClInclude>
    <ClInclude Include="MMOZone.h">
      <Filter>헤더 파일</Filter>
    </ClInclude>
    <ClInclude Include="core\macro.h">
      <Filter>헤더 파일</Filter>
    </ClInclude>
    <ClInclude Include="core\OuterServer.h">
      <Filter>헤더 파일</Filter>
    </ClInclude>
    <ClInclude Include="core\packet_handler.h">
      <Filter>헤더 파일</Filter>
    </ClInclude>
    <ClInclude Include="core\pre_compile.h">
      <Filter>헤더 파일</Filter>
    </ClInclude>
    <ClInclude Include="core\protocol.h">
      <Filter>헤더 파일</Filter>
    </ClInclude>
    <ClInclude Include="core\Session.h">
      <Filter>헤더 파일</Filter>
    </ClInclude>
    <ClInclude Include="core\concurrency\BackOff.h">
      <Filter>헤더 파일</Filter>
    </ClInclude>
    <ClInclude Include="core\concurrency\concurrency.h">
      <Filter>헤더 파일</Filter>
    </ClInclude>
    <ClInclude Include="core\concurrency\ConcurrentQueue.h">
      <Filter>헤더 파일</Filter>
    </ClInclude>
    <ClInclude Include="core\concurrency\ConcurrentQueueMemPool.hpp">
      <Filter>헤더 파일</Filter>
    </ClInclude>
    <ClInclude Include="core\concurrency\ConcurrentStack.h">
      <Filter>헤더 파일</Filter>
    </ClInclude>
    <ClInclude Include="core\concurrency\MemoryPoolTLS.h">
      <Filter>헤더 파일</Filter>
    </ClInclude>
    <ClInclude Include="core\concurrency\MemoryPool_Stack.h">
      <Filter>헤더 파일</Filter>
    </ClInclude>
    <ClInclude Include="core\concurrency\MPSCQueue.h">
      <Filter>헤더 파일</Filter>
    </ClInclude>
    <ClInclude Include="core\concurrency\tls.h">
      <Filter>헤더 파일</Filter>
    </ClInclude>
    <ClInclude Include="core\IO\KeyManager.h">
      <Filter>헤더 파일</Filter>
    </ClInclude>
    <ClInclude Include="core\network\Packet.h">
      <Filter>헤더 파일</Filter>
    </ClInclude>
    <ClInclude Include="core\network\SocketAddress.h">
      <Filter>헤더 파일</Filter>
    </ClInclude>
    <ClInclude Include="core\util\dump.h">
      <Filter>헤더 파일</Filter>
    </ClInclude>
    <ClInclude Include="core\util\exception.h">
      <Filter>헤더 파일</Filter>
    </ClInclude>
    <ClInclude Include="core\util\JsonParser.h">
      <Filter>헤더 파일</Filter>
    </ClInclude>
    <ClInclude Include="core\util\Timer.h">
      <Filter>헤더 파일</Filter>
    </ClInclude>
    <ClInclude Include="core\util\TimeScheduler.h">
      <Filter>헤더 파일</Filter>
    </ClInclude>
    <ClInclude Include="core\CircularBuffer.h">
      <Filter>헤더 파일</Filter>
    </ClInclude>
    <ClInclude Include="core\enviroment.h">
      <Filter>헤더 파일</Filter>
    </ClInclude>
    <ClInclude Include="core\IOContext.h">
      <Filter>헤더 파일</Filter>
    </ClInclude>
    <ClInclude Include="extlib\rapidjson\allocators.h">
      <Filter>extlib</Filter>
    </ClInclude>
    <ClInclude Include="extlib\rapidjson\cursorstreamwrapper.h">
      <Filter>extlib</Filter>
    </ClInclude>
    <ClInclude Include="extlib\rapidjson\document.h">
      <Filter>extlib</Filter>
    </ClInclude>
    <ClInclude Include="extlib\rapidjson\encodedstream.h">
      <Filter>extlib</Filter>
    </ClInclude>
    <ClInclude Include="extlib\rapidjson\encodings.h">
      <Filter>extlib</Filter>
    </ClInclude>
    <ClInclude Include="extlib\rapidjson\error\en.h">
      <Filter>extlib</Filter>
    </ClInclude>
    <ClInclude Include="extlib\rapidjson\error\error.h">
      <Filter>extlib</Filter>
    </ClInclude>
    <ClInclude Include="extlib\rapidjson\filereadstream.h">
      <Filter>extlib</Filter>
    </ClInclude>
    <ClInclude Include="extlib\rapidjson\filewritestream.h">
      <Filter>extlib</Filter>
    </ClInclude>
    <ClInclude Include="extlib\rapidjson\fwd.h">
      <Filter>extlib</Filter>
    </ClInclude>
    <ClInclude Include="extlib\rapidjson\internal\biginteger.h">
      <Filter>extlib</Filter>
    </ClInclude>
    <ClInclude Include="extlib\rapidjson\internal\diyfp.h">
      <Filter>extlib</Filter>
    </ClInclude>
    <ClInclude Include="extlib\rapidjson\internal\dtoa.h">
      <Filter>extlib</Filter>
    </ClInclude>
    <ClInclude Include="extlib\rapidjson\internal\ieee754.h">
      <Filter>extlib</Filter>
    </ClInclude>
    <ClInclude Include="extlib\rapidjson\internal\itoa.h">
      <Filter>extlib</Filter>
    </ClInclude>
    <ClInclude Include="extlib\rapidjson\internal\meta.h">
      <Filter>extlib</Filter>
    </ClInclude>
    <ClInclude Include="extlib\rapidjson\internal\pow10.h">
      <Filter>extlib</Filter>
    </ClInclude>
    <ClInclude Include="extlib\rapidjson\internal\regex.h">
      <Filter>extlib</Filter>
    </ClInclude>
    <ClInclude Include="extlib\rapidjson\internal\stack.h">
      <Filter>extlib</Filter>
    </ClInclude>
    <ClInclude Include="extlib\rapidjson\internal\strfunc.h">
      <Filter>extlib</Filter>
    </ClInclude>
    <ClInclude Include="extlib\rapidjson\internal\strtod.h">
      <Filter>extlib</Filter>
    </ClInclude>
    <ClInclude Include="extlib\rapidjson\internal\swap.h">
      <Filter>extlib</Filter>
    </ClInclude>
    <ClInclude Include="extlib\rapidjson\istreamwrapper.h">
      <Filter>extlib</Filter>
    </ClInclude>
    <ClInclude Include="extlib\rapidjson\memorybuffer.h">
      <Filter>extlib</Filter>
    </ClInclude>
    <ClInclude Include="extlib\rapidjson\memorystream.h">
      <Filter>extlib</Filter>
    </ClInclude>
    <ClInclude Include="extlib\rapidjson\msinttypes\inttypes.h">
      <Filter>extlib</Filter>
    </ClInclude>
    <ClInclude Include="extlib\rapidjson\msinttypes\stdint.h">
      <Filter>extlib</Filter>
    </ClInclude>
    <ClInclude Include="extlib\rapidjson\ostreamwrapper.h">
      <Filter>extlib</Filter>
    </ClInclude>
    <ClInclude Include="extlib\rapidjson\pointer.h">
      <Filter>extlib</Filter>
    </ClInclude>
    <ClInclude Include="extlib\rapidjson\prettywriter.h">
      <Filter>extlib</Filter>
    </ClInclude>
    <ClInclude Include="extlib\rapidjson\rapidjson.h">
      <Filter>extlib</Filter>
    </ClInclude>
    <ClInclude Include="extlib\rapidjson\reader.h">
      <Filter>extlib</Filter>
    </ClInclude>
    <ClInclude Include="extlib\rapidjson\schema.h">
      <Filter>extlib</Filter>
    </ClInclude>
    <ClInclude Include="extlib\rapidjson\stream.h">
      <Filter>extlib</Filter>
    </ClInclude>
    <ClInclude Include="extlib\rapidjson\stringbuffer.h">
      <Filter>extlib</Filter>
    </ClInclude>
    <ClInclude Include="extlib\rapidjson\writer.h">
      <Filter>extlib</Filter>
    </ClInclude>
  </ItemGroup>
  <ItemGroup>
    <None Include="config.json">
      <Filter>헤더 파일</Filter>
    </None>
    <None Include="core\concurrency\spin_wait.asm">
      <Filter>헤더 파일</Filter>
    </None>
  </ItemGroup>
  <ItemGroup>
    <Object Include="core\concurrency\spin_wait.obj">
      <Filter>헤더 파일</Filter>
    </Object>
  </ItemGroup>
</Project>