<?xml version="1.0" encoding="utf-8"?>
<Project ToolsVersion="4.0" xmlns="http://schemas.microsoft.com/developer/msbuild/2003">
  <ItemGroup>
    <Filter Include="헤더 파일">
      <UniqueIdentifier>{93995380-89BD-4b04-88EB-625FBE52EBFB}</UniqueIdentifier>
      <Extensions>h;hh;hpp;hxx;h++;hm;inl;inc;ipp;xsd</Extensions>
    </Filter>
    <Filter Include="리소스 파일">
      <UniqueIdentifier>{67DA6AB6-F800-4c08-8B7A-83BB121AAD01}</UniqueIdentifier>
      <Extensions>rc;ico;cur;bmp;dlg;rc2;rct;bin;rgs;gif;jpg;jpeg;jpe;resx;tiff;tif;png;wav;mfcribbon-ms</Extensions>
    </Filter>
    <Filter Include="server">
      <UniqueIdentifier>{dfb3ab9c-670d-469a-8692-d4d969a508c4}</UniqueIdentifier>
    </Filter>
    <Filter Include="extlib">
      <UniqueIdentifier>{18c578a4-3124-414d-9ff7-098e9a5f946c}</UniqueIdentifier>
    </Filter>
    <Filter Include="extlib\rapidjson">
      <UniqueIdentifier>{74748f8f-d65e-44d6-ae7b-0a0eaf0fa7b3}</UniqueIdentifier>
    </Filter>
    <Filter Include="main">
      <UniqueIdentifier>{4FC737F1-C7A5-4376-A066-2A32D752A2FF}</UniqueIdentifier>
      <Extensions>cpp;c;cc;cxx;c++;def;odl;idl;hpj;bat;asm;asmx</Extensions>
    </Filter>
    <Filter Include="protocol">
      <UniqueIdentifier>{b5023336-db21-4767-8b53-d06db148c013}</UniqueIdentifier>
    </Filter>
  </ItemGroup>
  <ItemGroup>
    <ClCompile Include="main.cpp">
      <Filter>main</Filter>
    </ClCompile>
    <ClCompile Include="server\concurrency\BackOff.cpp">
      <Filter>server</Filter>
    </ClCompile>
    <ClCompile Include="server\concurrency\MemoryPoolTLS.cpp">
      <Filter>server</Filter>
    </ClCompile>
    <ClCompile Include="server\concurrency\tls.cpp">
      <Filter>server</Filter>
    </ClCompile>
    <ClCompile Include="server\io\KeyManager.cpp">
      <Filter>server</Filter>
    </ClCompile>
    <ClCompile Include="server\network\Packet.cpp">
      <Filter>server</Filter>
    </ClCompile>
    <ClCompile Include="server\util\dump.cpp">
      <Filter>server</Filter>
    </ClCompile>
    <ClCompile Include="server\util\JsonParser.cpp">
      <Filter>server</Filter>
    </ClCompile>
    <ClCompile Include="server\util\TimeScheduler.cpp">
      <Filter>server</Filter>
    </ClCompile>
    <ClCompile Include="server\OuterServer.cpp">
      <Filter>server</Filter>
    </ClCompile>
    <ClCompile Include="server\packet_handler_base.cpp">
      <Filter>server</Filter>
    </ClCompile>
    <ClCompile Include="server\Session.cpp">
      <Filter>server</Filter>
    </ClCompile>
    <ClCompile Include="protocol\protocol.cpp">
      <Filter>protocol</Filter>
    </ClCompile>
  </ItemGroup>
  <ItemGroup>
    <ClInclude Include="main.h">
      <Filter>main</Filter>
    </ClInclude>
    <ClInclude Include="extlib\rapidjson\allocators.h">
      <Filter>extlib\rapidjson</Filter>
    </ClInclude>
    <ClInclude Include="extlib\rapidjson\internal\biginteger.h">
      <Filter>extlib\rapidjson</Filter>
    </ClInclude>
    <ClInclude Include="extlib\rapidjson\cursorstreamwrapper.h">
      <Filter>extlib\rapidjson</Filter>
    </ClInclude>
    <ClInclude Include="extlib\rapidjson\internal\diyfp.h">
      <Filter>extlib\rapidjson</Filter>
    </ClInclude>
    <ClInclude Include="extlib\rapidjson\document.h">
      <Filter>extlib\rapidjson</Filter>
    </ClInclude>
    <ClInclude Include="extlib\rapidjson\internal\dtoa.h">
      <Filter>extlib\rapidjson</Filter>
    </ClInclude>
    <ClInclude Include="extlib\rapidjson\error\en.h">
      <Filter>extlib\rapidjson</Filter>
    </ClInclude>
    <ClInclude Include="extlib\rapidjson\encodedstream.h">
      <Filter>extlib\rapidjson</Filter>
    </ClInclude>
    <ClInclude Include="extlib\rapidjson\encodings.h">
      <Filter>extlib\rapidjson</Filter>
    </ClInclude>
    <ClInclude Include="extlib\rapidjson\error\error.h">
      <Filter>extlib\rapidjson</Filter>
    </ClInclude>
    <ClInclude Include="extlib\rapidjson\filereadstream.h">
      <Filter>extlib\rapidjson</Filter>
    </ClInclude>
    <ClInclude Include="extlib\rapidjson\filewritestream.h">
      <Filter>extlib\rapidjson</Filter>
    </ClInclude>
    <ClInclude Include="extlib\rapidjson\fwd.h">
      <Filter>extlib\rapidjson</Filter>
    </ClInclude>
    <ClInclude Include="extlib\rapidjson\internal\ieee754.h">
      <Filter>extlib\rapidjson</Filter>
    </ClInclude>
    <ClInclude Include="extlib\rapidjson\msinttypes\inttypes.h">
      <Filter>extlib\rapidjson</Filter>
    </ClInclude>
    <ClInclude Include="extlib\rapidjson\istreamwrapper.h">
      <Filter>extlib\rapidjson</Filter>
    </ClInclude>
    <ClInclude Include="extlib\rapidjson\internal\itoa.h">
      <Filter>extlib\rapidjson</Filter>
    </ClInclude>
    <ClInclude Include="extlib\rapidjson\memorybuffer.h">
      <Filter>extlib\rapidjson</Filter>
    </ClInclude>
    <ClInclude Include="extlib\rapidjson\memorystream.h">
      <Filter>extlib\rapidjson</Filter>
    </ClInclude>
    <ClInclude Include="extlib\rapidjson\internal\meta.h">
      <Filter>extlib\rapidjson</Filter>
    </ClInclude>
    <ClInclude Include="extlib\rapidjson\ostreamwrapper.h">
      <Filter>extlib\rapidjson</Filter>
    </ClInclude>
    <ClInclude Include="extlib\rapidjson\pointer.h">
      <Filter>extlib\rapidjson</Filter>
    </ClInclude>
    <ClInclude Include="extlib\rapidjson\internal\pow10.h">
      <Filter>extlib\rapidjson</Filter>
    </ClInclude>
    <ClInclude Include="extlib\rapidjson\prettywriter.h">
      <Filter>extlib\rapidjson</Filter>
    </ClInclude>
    <ClInclude Include="extlib\rapidjson\rapidjson.h">
      <Filter>extlib\rapidjson</Filter>
    </ClInclude>
    <ClInclude Include="extlib\rapidjson\reader.h">
      <Filter>extlib\rapidjson</Filter>
    </ClInclude>
    <ClInclude Include="extlib\rapidjson\internal\regex.h">
      <Filter>extlib\rapidjson</Filter>
    </ClInclude>
    <ClInclude Include="extlib\rapidjson\schema.h">
      <Filter>extlib\rapidjson</Filter>
    </ClInclude>
    <ClInclude Include="extlib\rapidjson\internal\stack.h">
      <Filter>extlib\rapidjson</Filter>
    </ClInclude>
    <ClInclude Include="extlib\rapidjson\msinttypes\stdint.h">
      <Filter>extlib\rapidjson</Filter>
    </ClInclude>
    <ClInclude Include="extlib\rapidjson\stream.h">
      <Filter>extlib\rapidjson</Filter>
    </ClInclude>
    <ClInclude Include="extlib\rapidjson\internal\strfunc.h">
      <Filter>extlib\rapidjson</Filter>
    </ClInclude>
    <ClInclude Include="extlib\rapidjson\stringbuffer.h">
      <Filter>extlib\rapidjson</Filter>
    </ClInclude>
    <ClInclude Include="extlib\rapidjson\internal\strtod.h">
      <Filter>extlib\rapidjson</Filter>
    </ClInclude>
    <ClInclude Include="extlib\rapidjson\internal\swap.h">
      <Filter>extlib\rapidjson</Filter>
    </ClInclude>
    <ClInclude Include="extlib\rapidjson\writer.h">
      <Filter>extlib\rapidjson</Filter>
    </ClInclude>
    <ClInclude Include="server\concurrency\BackOff.h">
      <Filter>server</Filter>
    </ClInclude>
    <ClInclude Include="server\concurrency\ConcurrentQueue.h">
      <Filter>server</Filter>
    </ClInclude>
    <ClInclude Include="server\concurrency\ConcurrentStack.h">
      <Filter>server</Filter>
    </ClInclude>
    <ClInclude Include="server\concurrency\MemoryPoolTLS.h">
      <Filter>server</Filter>
    </ClInclude>
    <ClInclude Include="server\concurrency\MemoryPool_Queue.h">
      <Filter>server</Filter>
    </ClInclude>
    <ClInclude Include="server\concurrency\MemoryPool_Stack.h">
      <Filter>server</Filter>
    </ClInclude>
    <ClInclude Include="server\concurrency\MPSCQueue.h">
      <Filter>server</Filter>
    </ClInclude>
    <ClInclude Include="server\concurrency\tls.h">
      <Filter>server</Filter>
    </ClInclude>
    <ClInclude Include="server\io\KeyManager.h">
      <Filter>server</Filter>
    </ClInclude>
    <ClInclude Include="server\network\Packet.h">
      <Filter>server</Filter>
    </ClInclude>
    <ClInclude Include="server\network\SocketAddress.h">
      <Filter>server</Filter>
    </ClInclude>
    <ClInclude Include="server\util\dump.h">
      <Filter>server</Filter>
    </ClInclude>
    <ClInclude Include="server\util\exception.h">
      <Filter>server</Filter>
    </ClInclude>
    <ClInclude Include="server\util\JsonParser.h">
      <Filter>server</Filter>
    </ClInclude>
    <ClInclude Include="server\util\TimeScheduler.h">
      <Filter>server</Filter>
    </ClInclude>
    <ClInclude Include="server\CircularBuffer.h">
      <Filter>server</Filter>
    </ClInclude>
    <ClInclude Include="server\enviroment.h">
      <Filter>server</Filter>
    </ClInclude>
    <ClInclude Include="server\IOContext.h">
      <Filter>server</Filter>
    </ClInclude>
    <ClInclude Include="server\macro.h">
      <Filter>server</Filter>
    </ClInclude>
    <ClInclude Include="server\OuterServer.h">
      <Filter>server</Filter>
    </ClInclude>
    <ClInclude Include="server\packet_handler.h">
      <Filter>server</Filter>
    </ClInclude>
    <ClInclude Include="server\server_pre_compile.h">
      <Filter>server</Filter>
    </ClInclude>
    <ClInclude Include="server\Session.h">
      <Filter>server</Filter>
    </ClInclude>
    <ClInclude Include="protocol\protocol.h">
      <Filter>protocol</Filter>
    </ClInclude>
  </ItemGroup>
  <ItemGroup>
    <None Include="server\concurrency\spin_wait.asm">
      <Filter>server</Filter>
    </None>
    <None Include="config.json">
      <Filter>main</Filter>
    </None>
  </ItemGroup>
</Project>